// !$*UTF8*$!
{
	archiveVersion = 1;
	classes = {
	};
	objectVersion = 46;
	objects = {

/* Begin PBXBuildFile section */
		D62B09101D1CC90700128D82 /* AppDelegate.m in Sources */ = {isa = PBXBuildFile; fileRef = D62B09091D1CC90700128D82 /* AppDelegate.m */; };
		D631B4B11D1C1CBC00102682 /* main.m in Sources */ = {isa = PBXBuildFile; fileRef = D631B4B01D1C1CBC00102682 /* main.m */; };
		D631B4B71D1C1CBC00102682 /* ViewController.m in Sources */ = {isa = PBXBuildFile; fileRef = D631B4B61D1C1CBC00102682 /* ViewController.m */; };
		D631B4BA1D1C1CBC00102682 /* Main.storyboard in Resources */ = {isa = PBXBuildFile; fileRef = D631B4B81D1C1CBC00102682 /* Main.storyboard */; };
		D631B4BC1D1C1CBC00102682 /* Assets.xcassets in Resources */ = {isa = PBXBuildFile; fileRef = D631B4BB1D1C1CBC00102682 /* Assets.xcassets */; };
		D631B4BF1D1C1CBC00102682 /* LaunchScreen.storyboard in Resources */ = {isa = PBXBuildFile; fileRef = D631B4BD1D1C1CBC00102682 /* LaunchScreen.storyboard */; };
/* End PBXBuildFile section */

/* Begin PBXFileReference section */
		D62B09081D1CC90700128D82 /* AppDelegate.h */ = {isa = PBXFileReference; fileEncoding = 4; lastKnownFileType = sourcecode.c.h; path = AppDelegate.h; sourceTree = "<group>"; };
		D62B09091D1CC90700128D82 /* AppDelegate.m */ = {isa = PBXFileReference; fileEncoding = 4; lastKnownFileType = sourcecode.c.objc; path = AppDelegate.m; sourceTree = "<group>"; };
		D631B4AC1D1C1CBC00102682 /* EarBook.app */ = {isa = PBXFileReference; explicitFileType = wrapper.application; includeInIndex = 0; path = EarBook.app; sourceTree = BUILT_PRODUCTS_DIR; };
		D631B4B01D1C1CBC00102682 /* main.m */ = {isa = PBXFileReference; lastKnownFileType = sourcecode.c.objc; path = main.m; sourceTree = "<group>"; };
		D631B4B51D1C1CBC00102682 /* ViewController.h */ = {isa = PBXFileReference; lastKnownFileType = sourcecode.c.h; path = ViewController.h; sourceTree = "<group>"; };
		D631B4B61D1C1CBC00102682 /* ViewController.m */ = {isa = PBXFileReference; lastKnownFileType = sourcecode.c.objc; path = ViewController.m; sourceTree = "<group>"; };
		D631B4B91D1C1CBC00102682 /* Base */ = {isa = PBXFileReference; lastKnownFileType = file.storyboard; name = Base; path = Base.lproj/Main.storyboard; sourceTree = "<group>"; };
		D631B4BB1D1C1CBC00102682 /* Assets.xcassets */ = {isa = PBXFileReference; lastKnownFileType = folder.assetcatalog; path = Assets.xcassets; sourceTree = "<group>"; };
		D631B4BE1D1C1CBC00102682 /* Base */ = {isa = PBXFileReference; lastKnownFileType = file.storyboard; name = Base; path = Base.lproj/LaunchScreen.storyboard; sourceTree = "<group>"; };
		D631B4C01D1C1CBC00102682 /* Info.plist */ = {isa = PBXFileReference; lastKnownFileType = text.plist.xml; path = Info.plist; sourceTree = "<group>"; };
/* End PBXFileReference section */

/* Begin PBXFrameworksBuildPhase section */
		D631B4A91D1C1CBC00102682 /* Frameworks */ = {
			isa = PBXFrameworksBuildPhase;
			buildActionMask = 2147483647;
			files = (
			);
			runOnlyForDeploymentPostprocessing = 0;
		};
/* End PBXFrameworksBuildPhase section */

/* Begin PBXGroup section */
		D62B09061D1CC90700128D82 /* Classes */ = {
			isa = PBXGroup;
			children = (
				D62B09071D1CC90700128D82 /* AppDelegate */,
				D62B090A1D1CC90700128D82 /* General */,
				D62B090B1D1CC90700128D82 /* Helpers */,
				D62B090C1D1CC90700128D82 /* Macros */,
				D62B090D1D1CC90700128D82 /* Resource */,
				D62B090E1D1CC90700128D82 /* Scenes */,
				D62B090F1D1CC90700128D82 /* Vendors */,
			);
			path = Classes;
			sourceTree = "<group>";
		};
		D62B09071D1CC90700128D82 /* AppDelegate */ = {
			isa = PBXGroup;
			children = (
				D62B09081D1CC90700128D82 /* AppDelegate.h */,
				D62B09091D1CC90700128D82 /* AppDelegate.m */,
			);
			path = AppDelegate;
			sourceTree = "<group>";
		};
		D62B090A1D1CC90700128D82 /* General */ = {
			isa = PBXGroup;
			children = (
			);
			path = General;
			sourceTree = "<group>";
		};
		D62B090B1D1CC90700128D82 /* Helpers */ = {
			isa = PBXGroup;
			children = (
			);
			path = Helpers;
			sourceTree = "<group>";
		};
		D62B090C1D1CC90700128D82 /* Macros */ = {
			isa = PBXGroup;
			children = (
			);
			path = Macros;
			sourceTree = "<group>";
		};
		D62B090D1D1CC90700128D82 /* Resource */ = {
			isa = PBXGroup;
			children = (
			);
			path = Resource;
			sourceTree = "<group>";
		};
		D62B090E1D1CC90700128D82 /* Scenes */ = {
			isa = PBXGroup;
			children = (
			);
			path = Scenes;
			sourceTree = "<group>";
		};
		D62B090F1D1CC90700128D82 /* Vendors */ = {
			isa = PBXGroup;
			children = (
			);
			path = Vendors;
			sourceTree = "<group>";
		};
		D631B4A31D1C1CBC00102682 = {
			isa = PBXGroup;
			children = (
				D631B4AE1D1C1CBC00102682 /* EarBook */,
				D631B4AD1D1C1CBC00102682 /* Products */,
			);
			sourceTree = "<group>";
		};
		D631B4AD1D1C1CBC00102682 /* Products */ = {
			isa = PBXGroup;
			children = (
				D631B4AC1D1C1CBC00102682 /* EarBook.app */,
			);
			name = Products;
			sourceTree = "<group>";
		};
		D631B4AE1D1C1CBC00102682 /* EarBook */ = {
			isa = PBXGroup;
			children = (
				D62B09061D1CC90700128D82 /* Classes */,
				D631B4B51D1C1CBC00102682 /* ViewController.h */,
				D631B4B61D1C1CBC00102682 /* ViewController.m */,
				D631B4B81D1C1CBC00102682 /* Main.storyboard */,
				D631B4BB1D1C1CBC00102682 /* Assets.xcassets */,
				D631B4BD1D1C1CBC00102682 /* LaunchScreen.storyboard */,
				D631B4C01D1C1CBC00102682 /* Info.plist */,
				D631B4AF1D1C1CBC00102682 /* Supporting Files */,
			);
			path = EarBook;
			sourceTree = "<group>";
		};
		D631B4AF1D1C1CBC00102682 /* Supporting Files */ = {
			isa = PBXGroup;
			children = (
				D631B4B01D1C1CBC00102682 /* main.m */,
			);
			name = "Supporting Files";
			sourceTree = "<group>";
		};
/* End PBXGroup section */

/* Begin PBXNativeTarget section */
		D631B4AB1D1C1CBC00102682 /* EarBook */ = {
			isa = PBXNativeTarget;
			buildConfigurationList = D631B4C31D1C1CBC00102682 /* Build configuration list for PBXNativeTarget "EarBook" */;
			buildPhases = (
				D631B4A81D1C1CBC00102682 /* Sources */,
				D631B4A91D1C1CBC00102682 /* Frameworks */,
				D631B4AA1D1C1CBC00102682 /* Resources */,
			);
			buildRules = (
			);
			dependencies = (
			);
			name = EarBook;
			productName = EarBook;
			productReference = D631B4AC1D1C1CBC00102682 /* EarBook.app */;
			productType = "com.apple.product-type.application";
		};
/* End PBXNativeTarget section */

/* Begin PBXProject section */
		D631B4A41D1C1CBC00102682 /* Project object */ = {
			isa = PBXProject;
			attributes = {
				LastUpgradeCheck = 0720;
				ORGANIZATIONNAME = "赵符壹";
				TargetAttributes = {
					D631B4AB1D1C1CBC00102682 = {
						CreatedOnToolsVersion = 7.2;
						DevelopmentTeam = 8AL5X4932P;
					};
				};
			};
			buildConfigurationList = D631B4A71D1C1CBC00102682 /* Build configuration list for PBXProject "EarBook" */;
			compatibilityVersion = "Xcode 3.2";
			developmentRegion = English;
			hasScannedForEncodings = 0;
			knownRegions = (
				en,
				Base,
			);
			mainGroup = D631B4A31D1C1CBC00102682;
			productRefGroup = D631B4AD1D1C1CBC00102682 /* Products */;
			projectDirPath = "";
			projectRoot = "";
			targets = (
				D631B4AB1D1C1CBC00102682 /* EarBook */,
			);
		};
/* End PBXProject section */

/* Begin PBXResourcesBuildPhase section */
		D631B4AA1D1C1CBC00102682 /* Resources */ = {
			isa = PBXResourcesBuildPhase;
			buildActionMask = 2147483647;
			files = (
				D631B4BF1D1C1CBC00102682 /* LaunchScreen.storyboard in Resources */,
				D631B4BC1D1C1CBC00102682 /* Assets.xcassets in Resources */,
				D631B4BA1D1C1CBC00102682 /* Main.storyboard in Resources */,
			);
			runOnlyForDeploymentPostprocessing = 0;
		};
/* End PBXResourcesBuildPhase section */

/* Begin PBXSourcesBuildPhase section */
		D631B4A81D1C1CBC00102682 /* Sources */ = {
			isa = PBXSourcesBuildPhase;
			buildActionMask = 2147483647;
			files = (
				D631B4B71D1C1CBC00102682 /* ViewController.m in Sources */,
				D631B4B11D1C1CBC00102682 /* main.m in Sources */,
				D62B09101D1CC90700128D82 /* AppDelegate.m in Sources */,
			);
			runOnlyForDeploymentPostprocessing = 0;
		};
/* End PBXSourcesBuildPhase section */

/* Begin PBXVariantGroup section */
		D631B4B81D1C1CBC00102682 /* Main.storyboard */ = {
			isa = PBXVariantGroup;
			children = (
				D631B4B91D1C1CBC00102682 /* Base */,
			);
			name = Main.storyboard;
			sourceTree = "<group>";
		};
		D631B4BD1D1C1CBC00102682 /* LaunchScreen.storyboard */ = {
			isa = PBXVariantGroup;
			children = (
				D631B4BE1D1C1CBC00102682 /* Base */,
			);
			name = LaunchScreen.storyboard;
			sourceTree = "<group>";
		};
/* End PBXVariantGroup section */

/* Begin XCBuildConfiguration section */
		D631B4C11D1C1CBC00102682 /* Debug */ = {
			isa = XCBuildConfiguration;
			buildSettings = {
				ALWAYS_SEARCH_USER_PATHS = NO;
				CLANG_CXX_LANGUAGE_STANDARD = "gnu++0x";
				CLANG_CXX_LIBRARY = "libc++";
				CLANG_ENABLE_MODULES = YES;
				CLANG_ENABLE_OBJC_ARC = YES;
				CLANG_WARN_BOOL_CONVERSION = YES;
				CLANG_WARN_CONSTANT_CONVERSION = YES;
				CLANG_WARN_DIRECT_OBJC_ISA_USAGE = YES_ERROR;
				CLANG_WARN_EMPTY_BODY = YES;
				CLANG_WARN_ENUM_CONVERSION = YES;
				CLANG_WARN_INT_CONVERSION = YES;
				CLANG_WARN_OBJC_ROOT_CLASS = YES_ERROR;
				CLANG_WARN_UNREACHABLE_CODE = YES;
				CLANG_WARN__DUPLICATE_METHOD_MATCH = YES;
				"CODE_SIGN_IDENTITY[sdk=iphoneos*]" = "iPhone Developer";
				COPY_PHASE_STRIP = NO;
				DEBUG_INFORMATION_FORMAT = dwarf;
				ENABLE_STRICT_OBJC_MSGSEND = YES;
				ENABLE_TESTABILITY = YES;
				GCC_C_LANGUAGE_STANDARD = gnu99;
				GCC_DYNAMIC_NO_PIC = NO;
				GCC_NO_COMMON_BLOCKS = YES;
				GCC_OPTIMIZATION_LEVEL = 0;
				GCC_PREPROCESSOR_DEFINITIONS = (
					"DEBUG=1",
					"$(inherited)",
				);
				GCC_WARN_64_TO_32_BIT_CONVERSION = YES;
				GCC_WARN_ABOUT_RETURN_TYPE = YES_ERROR;
				GCC_WARN_UNDECLARED_SELECTOR = YES;
				GCC_WARN_UNINITIALIZED_AUTOS = YES_AGGRESSIVE;
				GCC_WARN_UNUSED_FUNCTION = YES;
				GCC_WARN_UNUSED_VARIABLE = YES;
				IPHONEOS_DEPLOYMENT_TARGET = 9.2;
				MTL_ENABLE_DEBUG_INFO = YES;
				ONLY_ACTIVE_ARCH = YES;
				SDKROOT = iphoneos;
				TARGETED_DEVICE_FAMILY = "1,2";
			};
			name = Debug;
		};
		D631B4C21D1C1CBC00102682 /* Release */ = {
			isa = XCBuildConfiguration;
			buildSettings = {
				ALWAYS_SEARCH_USER_PATHS = NO;
				CLANG_CXX_LANGUAGE_STANDARD = "gnu++0x";
				CLANG_CXX_LIBRARY = "libc++";
				CLANG_ENABLE_MODULES = YES;
				CLANG_ENABLE_OBJC_ARC = YES;
				CLANG_WARN_BOOL_CONVERSION = YES;
				CLANG_WARN_CONSTANT_CONVERSION = YES;
				CLANG_WARN_DIRECT_OBJC_ISA_USAGE = YES_ERROR;
				CLANG_WARN_EMPTY_BODY = YES;
				CLANG_WARN_ENUM_CONVERSION = YES;
				CLANG_WARN_INT_CONVERSION = YES;
				CLANG_WARN_OBJC_ROOT_CLASS = YES_ERROR;
				CLANG_WARN_UNREACHABLE_CODE = YES;
				CLANG_WARN__DUPLICATE_METHOD_MATCH = YES;
				"CODE_SIGN_IDENTITY[sdk=iphoneos*]" = "iPhone Developer";
				COPY_PHASE_STRIP = NO;
				DEBUG_INFORMATION_FORMAT = "dwarf-with-dsym";
				ENABLE_NS_ASSERTIONS = NO;
				ENABLE_STRICT_OBJC_MSGSEND = YES;
				GCC_C_LANGUAGE_STANDARD = gnu99;
				GCC_NO_COMMON_BLOCKS = YES;
				GCC_WARN_64_TO_32_BIT_CONVERSION = YES;
				GCC_WARN_ABOUT_RETURN_TYPE = YES_ERROR;
				GCC_WARN_UNDECLARED_SELECTOR = YES;
				GCC_WARN_UNINITIALIZED_AUTOS = YES_AGGRESSIVE;
				GCC_WARN_UNUSED_FUNCTION = YES;
				GCC_WARN_UNUSED_VARIABLE = YES;
				IPHONEOS_DEPLOYMENT_TARGET = 9.2;
				MTL_ENABLE_DEBUG_INFO = NO;
				SDKROOT = iphoneos;
				TARGETED_DEVICE_FAMILY = "1,2";
				VALIDATE_PRODUCT = YES;
			};
			name = Release;
		};
		D631B4C41D1C1CBC00102682 /* Debug */ = {
			isa = XCBuildConfiguration;
			buildSettings = {
				ASSETCATALOG_COMPILER_APPICON_NAME = AppIcon;
				INFOPLIST_FILE = EarBook/Info.plist;
				LD_RUNPATH_SEARCH_PATHS = "$(inherited) @executable_path/Frameworks";
				PRODUCT_BUNDLE_IDENTIFIER = LO.EarBook;
				PRODUCT_NAME = "$(TARGET_NAME)";
			};
			name = Debug;
		};
		D631B4C51D1C1CBC00102682 /* Release */ = {
			isa = XCBuildConfiguration;
			buildSettings = {
				ASSETCATALOG_COMPILER_APPICON_NAME = AppIcon;
				INFOPLIST_FILE = EarBook/Info.plist;
				LD_RUNPATH_SEARCH_PATHS = "$(inherited) @executable_path/Frameworks";
				PRODUCT_BUNDLE_IDENTIFIER = LO.EarBook;
				PRODUCT_NAME = "$(TARGET_NAME)";
			};
			name = Release;
		};
/* End XCBuildConfiguration section */

/* Begin XCConfigurationList section */
		D631B4A71D1C1CBC00102682 /* Build configuration list for PBXProject "EarBook" */ = {
			isa = XCConfigurationList;
			buildConfigurations = (
				D631B4C11D1C1CBC00102682 /* Debug */,
				D631B4C21D1C1CBC00102682 /* Release */,
			);
			defaultConfigurationIsVisible = 0;
			defaultConfigurationName = Release;
		};
		D631B4C31D1C1CBC00102682 /* Build configuration list for PBXNativeTarget "EarBook" */ = {
			isa = XCConfigurationList;
			buildConfigurations = (
				D631B4C41D1C1CBC00102682 /* Debug */,
				D631B4C51D1C1CBC00102682 /* Release */,
			);
			defaultConfigurationIsVisible = 0;
			defaultConfigurationName = Release;
		};
/* End XCConfigurationList section */
	};
	rootObject = D631B4A41D1C1CBC00102682 /* Project object */;
}
